// !$*UTF8*$!
{
	archiveVersion = 1;
	classes = {
	};
	objectVersion = 55;
	objects = {

/* Begin PBXBuildFile section */
		732A64E827327DF50030B38D /* BookCell.swift in Sources */ = {isa = PBXBuildFile; fileRef = 732A64E727327DF50030B38D /* BookCell.swift */; };
		732A64EA273293550030B38D /* SearchViewModel.swift in Sources */ = {isa = PBXBuildFile; fileRef = 732A64E9273293550030B38D /* SearchViewModel.swift */; };
		732A64F0273294B90030B38D /* MyBookShelfApi.swift in Sources */ = {isa = PBXBuildFile; fileRef = 732A64EF273294B90030B38D /* MyBookShelfApi.swift */; };
		732A64F22732963B0030B38D /* SearchResult.swift in Sources */ = {isa = PBXBuildFile; fileRef = 732A64F12732963B0030B38D /* SearchResult.swift */; };
		732A64F4273296FD0030B38D /* BookDetail.swift in Sources */ = {isa = PBXBuildFile; fileRef = 732A64F3273296FD0030B38D /* BookDetail.swift */; };
		732A64F6273298340030B38D /* MyBookShelfApiError.swift in Sources */ = {isa = PBXBuildFile; fileRef = 732A64F5273298340030B38D /* MyBookShelfApiError.swift */; };
		732A64FE2732AE070030B38D /* CollectionConvinience.swift in Sources */ = {isa = PBXBuildFile; fileRef = 732A64FD2732AE070030B38D /* CollectionConvinience.swift */; };
		732A65002732B1490030B38D /* Bindable.swift in Sources */ = {isa = PBXBuildFile; fileRef = 732A64FF2732B1490030B38D /* Bindable.swift */; };
		732A653E2732C09A0030B38D /* DetailViewController.swift in Sources */ = {isa = PBXBuildFile; fileRef = 732A653D2732C09A0030B38D /* DetailViewController.swift */; };
		732A65402732C36A0030B38D /* DetailViewModel.swift in Sources */ = {isa = PBXBuildFile; fileRef = 732A653F2732C36A0030B38D /* DetailViewModel.swift */; };
		735DB9C2273234E40002A916 /* AppDelegate.swift in Sources */ = {isa = PBXBuildFile; fileRef = 735DB9C1273234E40002A916 /* AppDelegate.swift */; };
		735DB9C9273234E40002A916 /* Main.storyboard in Resources */ = {isa = PBXBuildFile; fileRef = 735DB9C7273234E40002A916 /* Main.storyboard */; };
		735DB9CB273234E60002A916 /* Assets.xcassets in Resources */ = {isa = PBXBuildFile; fileRef = 735DB9CA273234E60002A916 /* Assets.xcassets */; };
		735DB9CE273234E60002A916 /* LaunchScreen.storyboard in Resources */ = {isa = PBXBuildFile; fileRef = 735DB9CC273234E60002A916 /* LaunchScreen.storyboard */; };
		735DB9DA27323C4D0002A916 /* SearchViewController.swift in Sources */ = {isa = PBXBuildFile; fileRef = 735DB9D927323C4D0002A916 /* SearchViewController.swift */; };
/* End PBXBuildFile section */

/* Begin PBXFileReference section */
		732A64E727327DF50030B38D /* BookCell.swift */ = {isa = PBXFileReference; lastKnownFileType = sourcecode.swift; path = BookCell.swift; sourceTree = "<group>"; };
		732A64E9273293550030B38D /* SearchViewModel.swift */ = {isa = PBXFileReference; lastKnownFileType = sourcecode.swift; path = SearchViewModel.swift; sourceTree = "<group>"; };
		732A64EF273294B90030B38D /* MyBookShelfApi.swift */ = {isa = PBXFileReference; lastKnownFileType = sourcecode.swift; path = MyBookShelfApi.swift; sourceTree = "<group>"; };
		732A64F12732963B0030B38D /* SearchResult.swift */ = {isa = PBXFileReference; lastKnownFileType = sourcecode.swift; path = SearchResult.swift; sourceTree = "<group>"; };
		732A64F3273296FD0030B38D /* BookDetail.swift */ = {isa = PBXFileReference; lastKnownFileType = sourcecode.swift; path = BookDetail.swift; sourceTree = "<group>"; };
		732A64F5273298340030B38D /* MyBookShelfApiError.swift */ = {isa = PBXFileReference; lastKnownFileType = sourcecode.swift; path = MyBookShelfApiError.swift; sourceTree = "<group>"; };
		732A64FD2732AE070030B38D /* CollectionConvinience.swift */ = {isa = PBXFileReference; lastKnownFileType = sourcecode.swift; path = CollectionConvinience.swift; sourceTree = "<group>"; };
		732A64FF2732B1490030B38D /* Bindable.swift */ = {isa = PBXFileReference; lastKnownFileType = sourcecode.swift; path = Bindable.swift; sourceTree = "<group>"; };
		732A653D2732C09A0030B38D /* DetailViewController.swift */ = {isa = PBXFileReference; lastKnownFileType = sourcecode.swift; path = DetailViewController.swift; sourceTree = "<group>"; };
		732A653F2732C36A0030B38D /* DetailViewModel.swift */ = {isa = PBXFileReference; lastKnownFileType = sourcecode.swift; path = DetailViewModel.swift; sourceTree = "<group>"; };
		735DB9BE273234E40002A916 /* MyBookshelf.app */ = {isa = PBXFileReference; explicitFileType = wrapper.application; includeInIndex = 0; path = MyBookshelf.app; sourceTree = BUILT_PRODUCTS_DIR; };
		735DB9C1273234E40002A916 /* AppDelegate.swift */ = {isa = PBXFileReference; lastKnownFileType = sourcecode.swift; path = AppDelegate.swift; sourceTree = "<group>"; };
		735DB9C8273234E40002A916 /* Base */ = {isa = PBXFileReference; lastKnownFileType = file.storyboard; name = Base; path = Base.lproj/Main.storyboard; sourceTree = "<group>"; };
		735DB9CA273234E60002A916 /* Assets.xcassets */ = {isa = PBXFileReference; lastKnownFileType = folder.assetcatalog; path = Assets.xcassets; sourceTree = "<group>"; };
		735DB9CD273234E60002A916 /* Base */ = {isa = PBXFileReference; lastKnownFileType = file.storyboard; name = Base; path = Base.lproj/LaunchScreen.storyboard; sourceTree = "<group>"; };
		735DB9CF273234E60002A916 /* Info.plist */ = {isa = PBXFileReference; lastKnownFileType = text.plist.xml; path = Info.plist; sourceTree = "<group>"; };
		735DB9D927323C4D0002A916 /* SearchViewController.swift */ = {isa = PBXFileReference; lastKnownFileType = sourcecode.swift; path = SearchViewController.swift; sourceTree = "<group>"; };
/* End PBXFileReference section */

/* Begin PBXFrameworksBuildPhase section */
		735DB9BB273234E40002A916 /* Frameworks */ = {
			isa = PBXFrameworksBuildPhase;
			buildActionMask = 2147483647;
			files = (
			);
			runOnlyForDeploymentPostprocessing = 0;
		};
/* End PBXFrameworksBuildPhase section */

/* Begin PBXGroup section */
		732A64EB273293A50030B38D /* UI */ = {
			isa = PBXGroup;
			children = (
				735DB9D527323A6E0002A916 /* Search */,
				735DB9D627323A880002A916 /* Detail */,
			);
			path = UI;
			sourceTree = "<group>";
		};
		732A64EC273293B60030B38D /* Business */ = {
			isa = PBXGroup;
			children = (
				732A64F727329D420030B38D /* Network */,
				732A64ED273293C60030B38D /* Model */,
			);
			path = Business;
			sourceTree = "<group>";
		};
		732A64ED273293C60030B38D /* Model */ = {
			isa = PBXGroup;
			children = (
				732A64F12732963B0030B38D /* SearchResult.swift */,
				732A64F3273296FD0030B38D /* BookDetail.swift */,
			);
			path = Model;
			sourceTree = "<group>";
		};
		732A64EE273293D70030B38D /* Extension */ = {
			isa = PBXGroup;
			children = (
				732A64FD2732AE070030B38D /* CollectionConvinience.swift */,
			);
			path = Extension;
			sourceTree = "<group>";
		};
		732A64F727329D420030B38D /* Network */ = {
			isa = PBXGroup;
			children = (
				732A64EF273294B90030B38D /* MyBookShelfApi.swift */,
				732A64F5273298340030B38D /* MyBookShelfApiError.swift */,
			);
			path = Network;
			sourceTree = "<group>";
		};
		732A64F827329D8D0030B38D /* Common */ = {
			isa = PBXGroup;
			children = (
				732A64FF2732B1490030B38D /* Bindable.swift */,
			);
			path = Common;
			sourceTree = "<group>";
		};
		735DB9B5273234E40002A916 = {
			isa = PBXGroup;
			children = (
				735DB9C0273234E40002A916 /* MyBookshelf */,
				735DB9BF273234E40002A916 /* Products */,
			);
			sourceTree = "<group>";
		};
		735DB9BF273234E40002A916 /* Products */ = {
			isa = PBXGroup;
			children = (
				735DB9BE273234E40002A916 /* MyBookshelf.app */,
			);
			name = Products;
			sourceTree = "<group>";
		};
		735DB9C0273234E40002A916 /* MyBookshelf */ = {
			isa = PBXGroup;
			children = (
				732A64F827329D8D0030B38D /* Common */,
				732A64EE273293D70030B38D /* Extension */,
				732A64EC273293B60030B38D /* Business */,
				732A64EB273293A50030B38D /* UI */,
				735DB9C1273234E40002A916 /* AppDelegate.swift */,
				735DB9C7273234E40002A916 /* Main.storyboard */,
				735DB9CA273234E60002A916 /* Assets.xcassets */,
				735DB9CC273234E60002A916 /* LaunchScreen.storyboard */,
				735DB9CF273234E60002A916 /* Info.plist */,
			);
			path = MyBookshelf;
			sourceTree = "<group>";
		};
		735DB9D527323A6E0002A916 /* Search */ = {
			isa = PBXGroup;
			children = (
				735DB9D927323C4D0002A916 /* SearchViewController.swift */,
				732A64E727327DF50030B38D /* BookCell.swift */,
				732A64E9273293550030B38D /* SearchViewModel.swift */,
			);
			path = Search;
			sourceTree = "<group>";
		};
		735DB9D627323A880002A916 /* Detail */ = {
			isa = PBXGroup;
			children = (
				732A653D2732C09A0030B38D /* DetailViewController.swift */,
				732A653F2732C36A0030B38D /* DetailViewModel.swift */,
			);
			path = Detail;
			sourceTree = "<group>";
		};
/* End PBXGroup section */

/* Begin PBXNativeTarget section */
		735DB9BD273234E40002A916 /* MyBookshelf */ = {
			isa = PBXNativeTarget;
			buildConfigurationList = 735DB9D2273234E60002A916 /* Build configuration list for PBXNativeTarget "MyBookshelf" */;
			buildPhases = (
				735DB9BA273234E40002A916 /* Sources */,
				735DB9BB273234E40002A916 /* Frameworks */,
				735DB9BC273234E40002A916 /* Resources */,
			);
			buildRules = (
			);
			dependencies = (
			);
			name = MyBookshelf;
			productName = MyBookshelf;
			productReference = 735DB9BE273234E40002A916 /* MyBookshelf.app */;
			productType = "com.apple.product-type.application";
		};
/* End PBXNativeTarget section */

/* Begin PBXProject section */
		735DB9B6273234E40002A916 /* Project object */ = {
			isa = PBXProject;
			attributes = {
				BuildIndependentTargetsInParallel = 1;
				LastSwiftUpdateCheck = 1310;
				LastUpgradeCheck = 1310;
				TargetAttributes = {
					735DB9BD273234E40002A916 = {
						CreatedOnToolsVersion = 13.1;
					};
				};
			};
			buildConfigurationList = 735DB9B9273234E40002A916 /* Build configuration list for PBXProject "MyBookshelf" */;
			compatibilityVersion = "Xcode 13.0";
			developmentRegion = en;
			hasScannedForEncodings = 0;
			knownRegions = (
				en,
				Base,
			);
			mainGroup = 735DB9B5273234E40002A916;
			productRefGroup = 735DB9BF273234E40002A916 /* Products */;
			projectDirPath = "";
			projectRoot = "";
			targets = (
				735DB9BD273234E40002A916 /* MyBookshelf */,
			);
		};
/* End PBXProject section */

/* Begin PBXResourcesBuildPhase section */
		735DB9BC273234E40002A916 /* Resources */ = {
			isa = PBXResourcesBuildPhase;
			buildActionMask = 2147483647;
			files = (
				735DB9CE273234E60002A916 /* LaunchScreen.storyboard in Resources */,
				735DB9CB273234E60002A916 /* Assets.xcassets in Resources */,
				735DB9C9273234E40002A916 /* Main.storyboard in Resources */,
			);
			runOnlyForDeploymentPostprocessing = 0;
		};
/* End PBXResourcesBuildPhase section */

/* Begin PBXSourcesBuildPhase section */
		735DB9BA273234E40002A916 /* Sources */ = {
			isa = PBXSourcesBuildPhase;
			buildActionMask = 2147483647;
			files = (
				732A653E2732C09A0030B38D /* DetailViewController.swift in Sources */,
				732A64E827327DF50030B38D /* BookCell.swift in Sources */,
				732A64F4273296FD0030B38D /* BookDetail.swift in Sources */,
				732A65002732B1490030B38D /* Bindable.swift in Sources */,
				732A64F22732963B0030B38D /* SearchResult.swift in Sources */,
				732A64F6273298340030B38D /* MyBookShelfApiError.swift in Sources */,
				735DB9DA27323C4D0002A916 /* SearchViewController.swift in Sources */,
				732A65402732C36A0030B38D /* DetailViewModel.swift in Sources */,
				732A64EA273293550030B38D /* SearchViewModel.swift in Sources */,
				732A64F0273294B90030B38D /* MyBookShelfApi.swift in Sources */,
				735DB9C2273234E40002A916 /* AppDelegate.swift in Sources */,
				732A64FE2732AE070030B38D /* CollectionConvinience.swift in Sources */,
			);
			runOnlyForDeploymentPostprocessing = 0;
		};
/* End PBXSourcesBuildPhase section */

/* Begin PBXVariantGroup section */
		735DB9C7273234E40002A916 /* Main.storyboard */ = {
			isa = PBXVariantGroup;
			children = (
				735DB9C8273234E40002A916 /* Base */,
			);
			name = Main.storyboard;
			sourceTree = "<group>";
		};
		735DB9CC273234E60002A916 /* LaunchScreen.storyboard */ = {
			isa = PBXVariantGroup;
			children = (
				735DB9CD273234E60002A916 /* Base */,
			);
			name = LaunchScreen.storyboard;
			sourceTree = "<group>";
		};
/* End PBXVariantGroup section */

/* Begin XCBuildConfiguration section */
		735DB9D0273234E60002A916 /* Debug */ = {
			isa = XCBuildConfiguration;
			buildSettings = {
				ALWAYS_SEARCH_USER_PATHS = NO;
				CLANG_ANALYZER_NONNULL = YES;
				CLANG_ANALYZER_NUMBER_OBJECT_CONVERSION = YES_AGGRESSIVE;
				CLANG_CXX_LANGUAGE_STANDARD = "gnu++17";
				CLANG_CXX_LIBRARY = "libc++";
				CLANG_ENABLE_MODULES = YES;
				CLANG_ENABLE_OBJC_ARC = YES;
				CLANG_ENABLE_OBJC_WEAK = YES;
				CLANG_WARN_BLOCK_CAPTURE_AUTORELEASING = YES;
				CLANG_WARN_BOOL_CONVERSION = YES;
				CLANG_WARN_COMMA = YES;
				CLANG_WARN_CONSTANT_CONVERSION = YES;
				CLANG_WARN_DEPRECATED_OBJC_IMPLEMENTATIONS = YES;
				CLANG_WARN_DIRECT_OBJC_ISA_USAGE = YES_ERROR;
				CLANG_WARN_DOCUMENTATION_COMMENTS = YES;
				CLANG_WARN_EMPTY_BODY = YES;
				CLANG_WARN_ENUM_CONVERSION = YES;
				CLANG_WARN_INFINITE_RECURSION = YES;
				CLANG_WARN_INT_CONVERSION = YES;
				CLANG_WARN_NON_LITERAL_NULL_CONVERSION = YES;
				CLANG_WARN_OBJC_IMPLICIT_RETAIN_SELF = YES;
				CLANG_WARN_OBJC_LITERAL_CONVERSION = YES;
				CLANG_WARN_OBJC_ROOT_CLASS = YES_ERROR;
				CLANG_WARN_QUOTED_INCLUDE_IN_FRAMEWORK_HEADER = YES;
				CLANG_WARN_RANGE_LOOP_ANALYSIS = YES;
				CLANG_WARN_STRICT_PROTOTYPES = YES;
				CLANG_WARN_SUSPICIOUS_MOVE = YES;
				CLANG_WARN_UNGUARDED_AVAILABILITY = YES_AGGRESSIVE;
				CLANG_WARN_UNREACHABLE_CODE = YES;
				CLANG_WARN__DUPLICATE_METHOD_MATCH = YES;
				COPY_PHASE_STRIP = NO;
				DEBUG_INFORMATION_FORMAT = dwarf;
				ENABLE_STRICT_OBJC_MSGSEND = YES;
				ENABLE_TESTABILITY = YES;
				GCC_C_LANGUAGE_STANDARD = gnu11;
				GCC_DYNAMIC_NO_PIC = NO;
				GCC_NO_COMMON_BLOCKS = YES;
				GCC_OPTIMIZATION_LEVEL = 0;
				GCC_PREPROCESSOR_DEFINITIONS = (
					"DEBUG=1",
					"$(inherited)",
				);
				GCC_WARN_64_TO_32_BIT_CONVERSION = YES;
				GCC_WARN_ABOUT_RETURN_TYPE = YES_ERROR;
				GCC_WARN_UNDECLARED_SELECTOR = YES;
				GCC_WARN_UNINITIALIZED_AUTOS = YES_AGGRESSIVE;
				GCC_WARN_UNUSED_FUNCTION = YES;
				GCC_WARN_UNUSED_VARIABLE = YES;
				IPHONEOS_DEPLOYMENT_TARGET = 9.0;
				MTL_ENABLE_DEBUG_INFO = INCLUDE_SOURCE;
				MTL_FAST_MATH = YES;
				ONLY_ACTIVE_ARCH = YES;
				SDKROOT = iphoneos;
				SWIFT_ACTIVE_COMPILATION_CONDITIONS = DEBUG;
				SWIFT_OPTIMIZATION_LEVEL = "-Onone";
			};
			name = Debug;
		};
		735DB9D1273234E60002A916 /* Release */ = {
			isa = XCBuildConfiguration;
			buildSettings = {
				ALWAYS_SEARCH_USER_PATHS = NO;
				CLANG_ANALYZER_NONNULL = YES;
				CLANG_ANALYZER_NUMBER_OBJECT_CONVERSION = YES_AGGRESSIVE;
				CLANG_CXX_LANGUAGE_STANDARD = "gnu++17";
				CLANG_CXX_LIBRARY = "libc++";
				CLANG_ENABLE_MODULES = YES;
				CLANG_ENABLE_OBJC_ARC = YES;
				CLANG_ENABLE_OBJC_WEAK = YES;
				CLANG_WARN_BLOCK_CAPTURE_AUTORELEASING = YES;
				CLANG_WARN_BOOL_CONVERSION = YES;
				CLANG_WARN_COMMA = YES;
				CLANG_WARN_CONSTANT_CONVERSION = YES;
				CLANG_WARN_DEPRECATED_OBJC_IMPLEMENTATIONS = YES;
				CLANG_WARN_DIRECT_OBJC_ISA_USAGE = YES_ERROR;
				CLANG_WARN_DOCUMENTATION_COMMENTS = YES;
				CLANG_WARN_EMPTY_BODY = YES;
				CLANG_WARN_ENUM_CONVERSION = YES;
				CLANG_WARN_INFINITE_RECURSION = YES;
				CLANG_WARN_INT_CONVERSION = YES;
				CLANG_WARN_NON_LITERAL_NULL_CONVERSION = YES;
				CLANG_WARN_OBJC_IMPLICIT_RETAIN_SELF = YES;
				CLANG_WARN_OBJC_LITERAL_CONVERSION = YES;
				CLANG_WARN_OBJC_ROOT_CLASS = YES_ERROR;
				CLANG_WARN_QUOTED_INCLUDE_IN_FRAMEWORK_HEADER = YES;
				CLANG_WARN_RANGE_LOOP_ANALYSIS = YES;
				CLANG_WARN_STRICT_PROTOTYPES = YES;
				CLANG_WARN_SUSPICIOUS_MOVE = YES;
				CLANG_WARN_UNGUARDED_AVAILABILITY = YES_AGGRESSIVE;
				CLANG_WARN_UNREACHABLE_CODE = YES;
				CLANG_WARN__DUPLICATE_METHOD_MATCH = YES;
				COPY_PHASE_STRIP = NO;
				DEBUG_INFORMATION_FORMAT = "dwarf-with-dsym";
				ENABLE_NS_ASSERTIONS = NO;
				ENABLE_STRICT_OBJC_MSGSEND = YES;
				GCC_C_LANGUAGE_STANDARD = gnu11;
				GCC_NO_COMMON_BLOCKS = YES;
				GCC_WARN_64_TO_32_BIT_CONVERSION = YES;
				GCC_WARN_ABOUT_RETURN_TYPE = YES_ERROR;
				GCC_WARN_UNDECLARED_SELECTOR = YES;
				GCC_WARN_UNINITIALIZED_AUTOS = YES_AGGRESSIVE;
				GCC_WARN_UNUSED_FUNCTION = YES;
				GCC_WARN_UNUSED_VARIABLE = YES;
				IPHONEOS_DEPLOYMENT_TARGET = 9.0;
				MTL_ENABLE_DEBUG_INFO = NO;
				MTL_FAST_MATH = YES;
				SDKROOT = iphoneos;
				SWIFT_COMPILATION_MODE = wholemodule;
				SWIFT_OPTIMIZATION_LEVEL = "-O";
				VALIDATE_PRODUCT = YES;
			};
			name = Release;
		};
		735DB9D3273234E60002A916 /* Debug */ = {
			isa = XCBuildConfiguration;
			buildSettings = {
				ASSETCATALOG_COMPILER_APPICON_NAME = AppIcon;
				ASSETCATALOG_COMPILER_GLOBAL_ACCENT_COLOR_NAME = AccentColor;
				CODE_SIGN_STYLE = Automatic;
				CURRENT_PROJECT_VERSION = 1;
				DEVELOPMENT_TEAM = ZWAAL72C9A;
				GENERATE_INFOPLIST_FILE = YES;
				INFOPLIST_FILE = MyBookshelf/Info.plist;
				INFOPLIST_KEY_UIApplicationSupportsIndirectInputEvents = YES;
				INFOPLIST_KEY_UILaunchStoryboardName = LaunchScreen;
				INFOPLIST_KEY_UIMainStoryboardFile = Main;
				INFOPLIST_KEY_UISupportedInterfaceOrientations_iPad = "UIInterfaceOrientationPortrait UIInterfaceOrientationPortraitUpsideDown UIInterfaceOrientationLandscapeLeft UIInterfaceOrientationLandscapeRight";
				INFOPLIST_KEY_UISupportedInterfaceOrientations_iPhone = "UIInterfaceOrientationPortrait UIInterfaceOrientationLandscapeLeft UIInterfaceOrientationLandscapeRight";
				IPHONEOS_DEPLOYMENT_TARGET = 9.0;
				LD_RUNPATH_SEARCH_PATHS = (
					"$(inherited)",
					"@executable_path/Frameworks",
				);
				MARKETING_VERSION = 1.0;
				PRODUCT_BUNDLE_IDENTIFIER = com.childc.MyBookshelf;
				PRODUCT_NAME = "$(TARGET_NAME)";
				SWIFT_EMIT_LOC_STRINGS = YES;
				SWIFT_VERSION = 5.0;
				TARGETED_DEVICE_FAMILY = "1,2";
			};
			name = Debug;
		};
		735DB9D4273234E60002A916 /* Release */ = {
			isa = XCBuildConfiguration;
			buildSettings = {
				ASSETCATALOG_COMPILER_APPICON_NAME = AppIcon;
				ASSETCATALOG_COMPILER_GLOBAL_ACCENT_COLOR_NAME = AccentColor;
				CODE_SIGN_STYLE = Automatic;
				CURRENT_PROJECT_VERSION = 1;
				DEVELOPMENT_TEAM = ZWAAL72C9A;
				GENERATE_INFOPLIST_FILE = YES;
				INFOPLIST_FILE = MyBookshelf/Info.plist;
				INFOPLIST_KEY_UIApplicationSupportsIndirectInputEvents = YES;
				INFOPLIST_KEY_UILaunchStoryboardName = LaunchScreen;
				INFOPLIST_KEY_UIMainStoryboardFile = Main;
				INFOPLIST_KEY_UISupportedInterfaceOrientations_iPad = "UIInterfaceOrientationPortrait UIInterfaceOrientationPortraitUpsideDown UIInterfaceOrientationLandscapeLeft UIInterfaceOrientationLandscapeRight";
				INFOPLIST_KEY_UISupportedInterfaceOrientations_iPhone = "UIInterfaceOrientationPortrait UIInterfaceOrientationLandscapeLeft UIInterfaceOrientationLandscapeRight";
				IPHONEOS_DEPLOYMENT_TARGET = 9.0;
				LD_RUNPATH_SEARCH_PATHS = (
					"$(inherited)",
					"@executable_path/Frameworks",
				);
				MARKETING_VERSION = 1.0;
				PRODUCT_BUNDLE_IDENTIFIER = com.childc.MyBookshelf;
				PRODUCT_NAME = "$(TARGET_NAME)";
				SWIFT_EMIT_LOC_STRINGS = YES;
				SWIFT_VERSION = 5.0;
				TARGETED_DEVICE_FAMILY = "1,2";
			};
			name = Release;
		};
/* End XCBuildConfiguration section */

/* Begin XCConfigurationList section */
		735DB9B9273234E40002A916 /* Build configuration list for PBXProject "MyBookshelf" */ = {
			isa = XCConfigurationList;
			buildConfigurations = (
				735DB9D0273234E60002A916 /* Debug */,
				735DB9D1273234E60002A916 /* Release */,
			);
			defaultConfigurationIsVisible = 0;
			defaultConfigurationName = Release;
		};
		735DB9D2273234E60002A916 /* Build configuration list for PBXNativeTarget "MyBookshelf" */ = {
			isa = XCConfigurationList;
			buildConfigurations = (
				735DB9D3273234E60002A916 /* Debug */,
				735DB9D4273234E60002A916 /* Release */,
			);
			defaultConfigurationIsVisible = 0;
			defaultConfigurationName = Release;
		};
/* End XCConfigurationList section */
	};
	rootObject = 735DB9B6273234E40002A916 /* Project object */;
}
