// !$*UTF8*$!
{
	archiveVersion = 1;
	classes = {
	};
	objectVersion = 55;
	objects = {

/* Begin PBXBuildFile section */
		732A650E2732BA360030B38D /* AppDelegate.swift in Sources */ = {isa = PBXBuildFile; fileRef = 732A650D2732BA360030B38D /* AppDelegate.swift */; };
		732A65122732BA360030B38D /* ViewController.swift in Sources */ = {isa = PBXBuildFile; fileRef = 732A65112732BA360030B38D /* ViewController.swift */; };
		732A65152732BA360030B38D /* Main.storyboard in Resources */ = {isa = PBXBuildFile; fileRef = 732A65132732BA360030B38D /* Main.storyboard */; };
		732A65172732BA370030B38D /* Assets.xcassets in Resources */ = {isa = PBXBuildFile; fileRef = 732A65162732BA370030B38D /* Assets.xcassets */; };
		732A651A2732BA370030B38D /* LaunchScreen.storyboard in Resources */ = {isa = PBXBuildFile; fileRef = 732A65182732BA370030B38D /* LaunchScreen.storyboard */; };
		732A65262732BCBF0030B38D /* SearchResult.swift in Sources */ = {isa = PBXBuildFile; fileRef = 732A65242732BCBF0030B38D /* SearchResult.swift */; };
		732A65272732BCBF0030B38D /* BookDetail.swift in Sources */ = {isa = PBXBuildFile; fileRef = 732A65252732BCBF0030B38D /* BookDetail.swift */; };
		732A652A2732BCC80030B38D /* BookShelfApi.swift in Sources */ = {isa = PBXBuildFile; fileRef = 732A65282732BCC80030B38D /* BookShelfApi.swift */; };
		732A652B2732BCC80030B38D /* BookShelfApiError.swift in Sources */ = {isa = PBXBuildFile; fileRef = 732A65292732BCC80030B38D /* BookShelfApiError.swift */; };
/* End PBXBuildFile section */

/* Begin PBXFileReference section */
		732A650A2732BA360030B38D /* MyBookshelf.app */ = {isa = PBXFileReference; explicitFileType = wrapper.application; includeInIndex = 0; path = MyBookshelf.app; sourceTree = BUILT_PRODUCTS_DIR; };
		732A650D2732BA360030B38D /* AppDelegate.swift */ = {isa = PBXFileReference; lastKnownFileType = sourcecode.swift; path = AppDelegate.swift; sourceTree = "<group>"; };
		732A65112732BA360030B38D /* ViewController.swift */ = {isa = PBXFileReference; lastKnownFileType = sourcecode.swift; path = ViewController.swift; sourceTree = "<group>"; };
		732A65142732BA360030B38D /* Base */ = {isa = PBXFileReference; lastKnownFileType = file.storyboard; name = Base; path = Base.lproj/Main.storyboard; sourceTree = "<group>"; };
		732A65162732BA370030B38D /* Assets.xcassets */ = {isa = PBXFileReference; lastKnownFileType = folder.assetcatalog; path = Assets.xcassets; sourceTree = "<group>"; };
		732A65192732BA370030B38D /* Base */ = {isa = PBXFileReference; lastKnownFileType = file.storyboard; name = Base; path = Base.lproj/LaunchScreen.storyboard; sourceTree = "<group>"; };
		732A651B2732BA370030B38D /* Info.plist */ = {isa = PBXFileReference; lastKnownFileType = text.plist.xml; path = Info.plist; sourceTree = "<group>"; };
		732A65242732BCBF0030B38D /* SearchResult.swift */ = {isa = PBXFileReference; fileEncoding = 4; lastKnownFileType = sourcecode.swift; path = SearchResult.swift; sourceTree = "<group>"; };
		732A65252732BCBF0030B38D /* BookDetail.swift */ = {isa = PBXFileReference; fileEncoding = 4; lastKnownFileType = sourcecode.swift; path = BookDetail.swift; sourceTree = "<group>"; };
		732A65282732BCC80030B38D /* BookShelfApi.swift */ = {isa = PBXFileReference; fileEncoding = 4; lastKnownFileType = sourcecode.swift; path = BookShelfApi.swift; sourceTree = "<group>"; };
		732A65292732BCC80030B38D /* BookShelfApiError.swift */ = {isa = PBXFileReference; fileEncoding = 4; lastKnownFileType = sourcecode.swift; path = BookShelfApiError.swift; sourceTree = "<group>"; };
/* End PBXFileReference section */

/* Begin PBXFrameworksBuildPhase section */
		732A65072732BA360030B38D /* Frameworks */ = {
			isa = PBXFrameworksBuildPhase;
			buildActionMask = 2147483647;
			files = (
			);
			runOnlyForDeploymentPostprocessing = 0;
		};
/* End PBXFrameworksBuildPhase section */

/* Begin PBXGroup section */
		732A65012732BA360030B38D = {
			isa = PBXGroup;
			children = (
				732A650C2732BA360030B38D /* MyBookshelf */,
				732A650B2732BA360030B38D /* Products */,
			);
			sourceTree = "<group>";
		};
		732A650B2732BA360030B38D /* Products */ = {
			isa = PBXGroup;
			children = (
				732A650A2732BA360030B38D /* MyBookshelf.app */,
			);
			name = Products;
			sourceTree = "<group>";
		};
		732A650C2732BA360030B38D /* MyBookshelf */ = {
			isa = PBXGroup;
			children = (
				732A65212732BC710030B38D /* Business */,
				732A650D2732BA360030B38D /* AppDelegate.swift */,
				732A65112732BA360030B38D /* ViewController.swift */,
				732A65132732BA360030B38D /* Main.storyboard */,
				732A65162732BA370030B38D /* Assets.xcassets */,
				732A65182732BA370030B38D /* LaunchScreen.storyboard */,
				732A651B2732BA370030B38D /* Info.plist */,
			);
			path = MyBookshelf;
			sourceTree = "<group>";
		};
		732A65212732BC710030B38D /* Business */ = {
			isa = PBXGroup;
			children = (
				732A65232732BC810030B38D /* Network */,
				732A65222732BC7C0030B38D /* Model */,
			);
			path = Business;
			sourceTree = "<group>";
		};
		732A65222732BC7C0030B38D /* Model */ = {
			isa = PBXGroup;
			children = (
				732A65252732BCBF0030B38D /* BookDetail.swift */,
				732A65242732BCBF0030B38D /* SearchResult.swift */,
			);
			path = Model;
			sourceTree = "<group>";
		};
		732A65232732BC810030B38D /* Network */ = {
			isa = PBXGroup;
			children = (
				732A65282732BCC80030B38D /* BookShelfApi.swift */,
				732A65292732BCC80030B38D /* BookShelfApiError.swift */,
			);
			path = Network;
			sourceTree = "<group>";
		};
/* End PBXGroup section */

/* Begin PBXNativeTarget section */
		732A65092732BA360030B38D /* MyBookshelf */ = {
			isa = PBXNativeTarget;
			buildConfigurationList = 732A651E2732BA370030B38D /* Build configuration list for PBXNativeTarget "MyBookshelf" */;
			buildPhases = (
				732A65062732BA360030B38D /* Sources */,
				732A65072732BA360030B38D /* Frameworks */,
				732A65082732BA360030B38D /* Resources */,
			);
			buildRules = (
			);
			dependencies = (
			);
			name = MyBookshelf;
			productName = MyBookshelf;
			productReference = 732A650A2732BA360030B38D /* MyBookshelf.app */;
			productType = "com.apple.product-type.application";
		};
/* End PBXNativeTarget section */

/* Begin PBXProject section */
		732A65022732BA360030B38D /* Project object */ = {
			isa = PBXProject;
			attributes = {
				BuildIndependentTargetsInParallel = 1;
				LastSwiftUpdateCheck = 1310;
				LastUpgradeCheck = 1310;
				TargetAttributes = {
					732A65092732BA360030B38D = {
						CreatedOnToolsVersion = 13.1;
					};
				};
			};
			buildConfigurationList = 732A65052732BA360030B38D /* Build configuration list for PBXProject "MyBookshelf" */;
			compatibilityVersion = "Xcode 13.0";
			developmentRegion = en;
			hasScannedForEncodings = 0;
			knownRegions = (
				en,
				Base,
			);
			mainGroup = 732A65012732BA360030B38D;
			productRefGroup = 732A650B2732BA360030B38D /* Products */;
			projectDirPath = "";
			projectRoot = "";
			targets = (
				732A65092732BA360030B38D /* MyBookshelf */,
			);
		};
/* End PBXProject section */

/* Begin PBXResourcesBuildPhase section */
		732A65082732BA360030B38D /* Resources */ = {
			isa = PBXResourcesBuildPhase;
			buildActionMask = 2147483647;
			files = (
				732A651A2732BA370030B38D /* LaunchScreen.storyboard in Resources */,
				732A65172732BA370030B38D /* Assets.xcassets in Resources */,
				732A65152732BA360030B38D /* Main.storyboard in Resources */,
			);
			runOnlyForDeploymentPostprocessing = 0;
		};
/* End PBXResourcesBuildPhase section */

/* Begin PBXSourcesBuildPhase section */
		732A65062732BA360030B38D /* Sources */ = {
			isa = PBXSourcesBuildPhase;
			buildActionMask = 2147483647;
			files = (
				732A652A2732BCC80030B38D /* BookShelfApi.swift in Sources */,
				732A65122732BA360030B38D /* ViewController.swift in Sources */,
				732A65272732BCBF0030B38D /* BookDetail.swift in Sources */,
				732A652B2732BCC80030B38D /* BookShelfApiError.swift in Sources */,
				732A65262732BCBF0030B38D /* SearchResult.swift in Sources */,
				732A650E2732BA360030B38D /* AppDelegate.swift in Sources */,
			);
			runOnlyForDeploymentPostprocessing = 0;
		};
/* End PBXSourcesBuildPhase section */

/* Begin PBXVariantGroup section */
		732A65132732BA360030B38D /* Main.storyboard */ = {
			isa = PBXVariantGroup;
			children = (
				732A65142732BA360030B38D /* Base */,
			);
			name = Main.storyboard;
			sourceTree = "<group>";
		};
		732A65182732BA370030B38D /* LaunchScreen.storyboard */ = {
			isa = PBXVariantGroup;
			children = (
				732A65192732BA370030B38D /* Base */,
			);
			name = LaunchScreen.storyboard;
			sourceTree = "<group>";
		};
/* End PBXVariantGroup section */

/* Begin XCBuildConfiguration section */
		732A651C2732BA370030B38D /* Debug */ = {
			isa = XCBuildConfiguration;
			buildSettings = {
				ALWAYS_SEARCH_USER_PATHS = NO;
				CLANG_ANALYZER_NONNULL = YES;
				CLANG_ANALYZER_NUMBER_OBJECT_CONVERSION = YES_AGGRESSIVE;
				CLANG_CXX_LANGUAGE_STANDARD = "gnu++17";
				CLANG_CXX_LIBRARY = "libc++";
				CLANG_ENABLE_MODULES = YES;
				CLANG_ENABLE_OBJC_ARC = YES;
				CLANG_ENABLE_OBJC_WEAK = YES;
				CLANG_WARN_BLOCK_CAPTURE_AUTORELEASING = YES;
				CLANG_WARN_BOOL_CONVERSION = YES;
				CLANG_WARN_COMMA = YES;
				CLANG_WARN_CONSTANT_CONVERSION = YES;
				CLANG_WARN_DEPRECATED_OBJC_IMPLEMENTATIONS = YES;
				CLANG_WARN_DIRECT_OBJC_ISA_USAGE = YES_ERROR;
				CLANG_WARN_DOCUMENTATION_COMMENTS = YES;
				CLANG_WARN_EMPTY_BODY = YES;
				CLANG_WARN_ENUM_CONVERSION = YES;
				CLANG_WARN_INFINITE_RECURSION = YES;
				CLANG_WARN_INT_CONVERSION = YES;
				CLANG_WARN_NON_LITERAL_NULL_CONVERSION = YES;
				CLANG_WARN_OBJC_IMPLICIT_RETAIN_SELF = YES;
				CLANG_WARN_OBJC_LITERAL_CONVERSION = YES;
				CLANG_WARN_OBJC_ROOT_CLASS = YES_ERROR;
				CLANG_WARN_QUOTED_INCLUDE_IN_FRAMEWORK_HEADER = YES;
				CLANG_WARN_RANGE_LOOP_ANALYSIS = YES;
				CLANG_WARN_STRICT_PROTOTYPES = YES;
				CLANG_WARN_SUSPICIOUS_MOVE = YES;
				CLANG_WARN_UNGUARDED_AVAILABILITY = YES_AGGRESSIVE;
				CLANG_WARN_UNREACHABLE_CODE = YES;
				CLANG_WARN__DUPLICATE_METHOD_MATCH = YES;
				COPY_PHASE_STRIP = NO;
				DEBUG_INFORMATION_FORMAT = dwarf;
				ENABLE_STRICT_OBJC_MSGSEND = YES;
				ENABLE_TESTABILITY = YES;
				GCC_C_LANGUAGE_STANDARD = gnu11;
				GCC_DYNAMIC_NO_PIC = NO;
				GCC_NO_COMMON_BLOCKS = YES;
				GCC_OPTIMIZATION_LEVEL = 0;
				GCC_PREPROCESSOR_DEFINITIONS = (
					"DEBUG=1",
					"$(inherited)",
				);
				GCC_WARN_64_TO_32_BIT_CONVERSION = YES;
				GCC_WARN_ABOUT_RETURN_TYPE = YES_ERROR;
				GCC_WARN_UNDECLARED_SELECTOR = YES;
				GCC_WARN_UNINITIALIZED_AUTOS = YES_AGGRESSIVE;
				GCC_WARN_UNUSED_FUNCTION = YES;
				GCC_WARN_UNUSED_VARIABLE = YES;
				IPHONEOS_DEPLOYMENT_TARGET = 9.0;
				MTL_ENABLE_DEBUG_INFO = INCLUDE_SOURCE;
				MTL_FAST_MATH = YES;
				ONLY_ACTIVE_ARCH = YES;
				SDKROOT = iphoneos;
				SWIFT_ACTIVE_COMPILATION_CONDITIONS = DEBUG;
				SWIFT_OPTIMIZATION_LEVEL = "-Onone";
			};
			name = Debug;
		};
		732A651D2732BA370030B38D /* Release */ = {
			isa = XCBuildConfiguration;
			buildSettings = {
				ALWAYS_SEARCH_USER_PATHS = NO;
				CLANG_ANALYZER_NONNULL = YES;
				CLANG_ANALYZER_NUMBER_OBJECT_CONVERSION = YES_AGGRESSIVE;
				CLANG_CXX_LANGUAGE_STANDARD = "gnu++17";
				CLANG_CXX_LIBRARY = "libc++";
				CLANG_ENABLE_MODULES = YES;
				CLANG_ENABLE_OBJC_ARC = YES;
				CLANG_ENABLE_OBJC_WEAK = YES;
				CLANG_WARN_BLOCK_CAPTURE_AUTORELEASING = YES;
				CLANG_WARN_BOOL_CONVERSION = YES;
				CLANG_WARN_COMMA = YES;
				CLANG_WARN_CONSTANT_CONVERSION = YES;
				CLANG_WARN_DEPRECATED_OBJC_IMPLEMENTATIONS = YES;
				CLANG_WARN_DIRECT_OBJC_ISA_USAGE = YES_ERROR;
				CLANG_WARN_DOCUMENTATION_COMMENTS = YES;
				CLANG_WARN_EMPTY_BODY = YES;
				CLANG_WARN_ENUM_CONVERSION = YES;
				CLANG_WARN_INFINITE_RECURSION = YES;
				CLANG_WARN_INT_CONVERSION = YES;
				CLANG_WARN_NON_LITERAL_NULL_CONVERSION = YES;
				CLANG_WARN_OBJC_IMPLICIT_RETAIN_SELF = YES;
				CLANG_WARN_OBJC_LITERAL_CONVERSION = YES;
				CLANG_WARN_OBJC_ROOT_CLASS = YES_ERROR;
				CLANG_WARN_QUOTED_INCLUDE_IN_FRAMEWORK_HEADER = YES;
				CLANG_WARN_RANGE_LOOP_ANALYSIS = YES;
				CLANG_WARN_STRICT_PROTOTYPES = YES;
				CLANG_WARN_SUSPICIOUS_MOVE = YES;
				CLANG_WARN_UNGUARDED_AVAILABILITY = YES_AGGRESSIVE;
				CLANG_WARN_UNREACHABLE_CODE = YES;
				CLANG_WARN__DUPLICATE_METHOD_MATCH = YES;
				COPY_PHASE_STRIP = NO;
				DEBUG_INFORMATION_FORMAT = "dwarf-with-dsym";
				ENABLE_NS_ASSERTIONS = NO;
				ENABLE_STRICT_OBJC_MSGSEND = YES;
				GCC_C_LANGUAGE_STANDARD = gnu11;
				GCC_NO_COMMON_BLOCKS = YES;
				GCC_WARN_64_TO_32_BIT_CONVERSION = YES;
				GCC_WARN_ABOUT_RETURN_TYPE = YES_ERROR;
				GCC_WARN_UNDECLARED_SELECTOR = YES;
				GCC_WARN_UNINITIALIZED_AUTOS = YES_AGGRESSIVE;
				GCC_WARN_UNUSED_FUNCTION = YES;
				GCC_WARN_UNUSED_VARIABLE = YES;
				IPHONEOS_DEPLOYMENT_TARGET = 9.0;
				MTL_ENABLE_DEBUG_INFO = NO;
				MTL_FAST_MATH = YES;
				SDKROOT = iphoneos;
				SWIFT_COMPILATION_MODE = wholemodule;
				SWIFT_OPTIMIZATION_LEVEL = "-O";
				VALIDATE_PRODUCT = YES;
			};
			name = Release;
		};
		732A651F2732BA370030B38D /* Debug */ = {
			isa = XCBuildConfiguration;
			buildSettings = {
				ASSETCATALOG_COMPILER_APPICON_NAME = AppIcon;
				ASSETCATALOG_COMPILER_GLOBAL_ACCENT_COLOR_NAME = AccentColor;
				CODE_SIGN_STYLE = Automatic;
				CURRENT_PROJECT_VERSION = 1;
				DEVELOPMENT_TEAM = ZWAAL72C9A;
				GENERATE_INFOPLIST_FILE = YES;
				INFOPLIST_FILE = MyBookshelf/Info.plist;
				INFOPLIST_KEY_UIApplicationSupportsIndirectInputEvents = YES;
				INFOPLIST_KEY_UILaunchStoryboardName = LaunchScreen;
				INFOPLIST_KEY_UIMainStoryboardFile = Main;
				INFOPLIST_KEY_UISupportedInterfaceOrientations_iPad = "UIInterfaceOrientationPortrait UIInterfaceOrientationPortraitUpsideDown UIInterfaceOrientationLandscapeLeft UIInterfaceOrientationLandscapeRight";
				INFOPLIST_KEY_UISupportedInterfaceOrientations_iPhone = "UIInterfaceOrientationPortrait UIInterfaceOrientationLandscapeLeft UIInterfaceOrientationLandscapeRight";
				IPHONEOS_DEPLOYMENT_TARGET = 9.0;
				LD_RUNPATH_SEARCH_PATHS = (
					"$(inherited)",
					"@executable_path/Frameworks",
				);
				MARKETING_VERSION = 1.0;
				PRODUCT_BUNDLE_IDENTIFIER = com.childc.MyBookshelf;
				PRODUCT_NAME = "$(TARGET_NAME)";
				SWIFT_EMIT_LOC_STRINGS = YES;
				SWIFT_VERSION = 5.0;
				TARGETED_DEVICE_FAMILY = "1,2";
			};
			name = Debug;
		};
		732A65202732BA370030B38D /* Release */ = {
			isa = XCBuildConfiguration;
			buildSettings = {
				ASSETCATALOG_COMPILER_APPICON_NAME = AppIcon;
				ASSETCATALOG_COMPILER_GLOBAL_ACCENT_COLOR_NAME = AccentColor;
				CODE_SIGN_STYLE = Automatic;
				CURRENT_PROJECT_VERSION = 1;
				DEVELOPMENT_TEAM = ZWAAL72C9A;
				GENERATE_INFOPLIST_FILE = YES;
				INFOPLIST_FILE = MyBookshelf/Info.plist;
				INFOPLIST_KEY_UIApplicationSupportsIndirectInputEvents = YES;
				INFOPLIST_KEY_UILaunchStoryboardName = LaunchScreen;
				INFOPLIST_KEY_UIMainStoryboardFile = Main;
				INFOPLIST_KEY_UISupportedInterfaceOrientations_iPad = "UIInterfaceOrientationPortrait UIInterfaceOrientationPortraitUpsideDown UIInterfaceOrientationLandscapeLeft UIInterfaceOrientationLandscapeRight";
				INFOPLIST_KEY_UISupportedInterfaceOrientations_iPhone = "UIInterfaceOrientationPortrait UIInterfaceOrientationLandscapeLeft UIInterfaceOrientationLandscapeRight";
				IPHONEOS_DEPLOYMENT_TARGET = 9.0;
				LD_RUNPATH_SEARCH_PATHS = (
					"$(inherited)",
					"@executable_path/Frameworks",
				);
				MARKETING_VERSION = 1.0;
				PRODUCT_BUNDLE_IDENTIFIER = com.childc.MyBookshelf;
				PRODUCT_NAME = "$(TARGET_NAME)";
				SWIFT_EMIT_LOC_STRINGS = YES;
				SWIFT_VERSION = 5.0;
				TARGETED_DEVICE_FAMILY = "1,2";
			};
			name = Release;
		};
/* End XCBuildConfiguration section */

/* Begin XCConfigurationList section */
		732A65052732BA360030B38D /* Build configuration list for PBXProject "MyBookshelf" */ = {
			isa = XCConfigurationList;
			buildConfigurations = (
				732A651C2732BA370030B38D /* Debug */,
				732A651D2732BA370030B38D /* Release */,
			);
			defaultConfigurationIsVisible = 0;
			defaultConfigurationName = Release;
		};
		732A651E2732BA370030B38D /* Build configuration list for PBXNativeTarget "MyBookshelf" */ = {
			isa = XCConfigurationList;
			buildConfigurations = (
				732A651F2732BA370030B38D /* Debug */,
				732A65202732BA370030B38D /* Release */,
			);
			defaultConfigurationIsVisible = 0;
			defaultConfigurationName = Release;
		};
/* End XCConfigurationList section */
	};
	rootObject = 732A65022732BA360030B38D /* Project object */;
}
